// !$*UTF8*$!
{
	archiveVersion = 1;
	classes = {
	};
	objectVersion = 46;
	objects = {

/* Begin PBXBuildFile section */
		9BBE7D821911A9A500935AB1 /* Foundation.framework in Frameworks */ = {isa = PBXBuildFile; fileRef = 9BBE7D811911A9A500935AB1 /* Foundation.framework */; };
		9BBE7D841911A9A500935AB1 /* CoreGraphics.framework in Frameworks */ = {isa = PBXBuildFile; fileRef = 9BBE7D831911A9A500935AB1 /* CoreGraphics.framework */; };
		9BBE7D861911A9A500935AB1 /* UIKit.framework in Frameworks */ = {isa = PBXBuildFile; fileRef = 9BBE7D851911A9A500935AB1 /* UIKit.framework */; };
		9BBE7D8C1911A9A500935AB1 /* InfoPlist.strings in Resources */ = {isa = PBXBuildFile; fileRef = 9BBE7D8A1911A9A500935AB1 /* InfoPlist.strings */; };
		9BBE7D8E1911A9A500935AB1 /* main.m in Sources */ = {isa = PBXBuildFile; fileRef = 9BBE7D8D1911A9A500935AB1 /* main.m */; };
		9BBE7D921911A9A500935AB1 /* JPAppDelegate.m in Sources */ = {isa = PBXBuildFile; fileRef = 9BBE7D911911A9A500935AB1 /* JPAppDelegate.m */; };
		9BBE7D951911A9A500935AB1 /* Main.storyboard in Resources */ = {isa = PBXBuildFile; fileRef = 9BBE7D931911A9A500935AB1 /* Main.storyboard */; };
		9BBE7D981911A9A500935AB1 /* JPViewController.m in Sources */ = {isa = PBXBuildFile; fileRef = 9BBE7D971911A9A500935AB1 /* JPViewController.m */; };
		9BBE7D9A1911A9A500935AB1 /* Images.xcassets in Resources */ = {isa = PBXBuildFile; fileRef = 9BBE7D991911A9A500935AB1 /* Images.xcassets */; };
		9BBE7DA11911A9A500935AB1 /* XCTest.framework in Frameworks */ = {isa = PBXBuildFile; fileRef = 9BBE7DA01911A9A500935AB1 /* XCTest.framework */; };
		9BBE7DA21911A9A500935AB1 /* Foundation.framework in Frameworks */ = {isa = PBXBuildFile; fileRef = 9BBE7D811911A9A500935AB1 /* Foundation.framework */; };
		9BBE7DA31911A9A500935AB1 /* UIKit.framework in Frameworks */ = {isa = PBXBuildFile; fileRef = 9BBE7D851911A9A500935AB1 /* UIKit.framework */; };
		9BBE7DAB1911A9A500935AB1 /* InfoPlist.strings in Resources */ = {isa = PBXBuildFile; fileRef = 9BBE7DA91911A9A500935AB1 /* InfoPlist.strings */; };
		9BBE7DAD1911A9A500935AB1 /* TestGitHubAppTests.m in Sources */ = {isa = PBXBuildFile; fileRef = 9BBE7DAC1911A9A500935AB1 /* TestGitHubAppTests.m */; };
/* End PBXBuildFile section */

/* Begin PBXContainerItemProxy section */
		9BBE7DA41911A9A500935AB1 /* PBXContainerItemProxy */ = {
			isa = PBXContainerItemProxy;
			containerPortal = 9BBE7D761911A9A500935AB1 /* Project object */;
			proxyType = 1;
			remoteGlobalIDString = 9BBE7D7D1911A9A500935AB1;
			remoteInfo = TestGitHubApp;
		};
/* End PBXContainerItemProxy section */

/* Begin PBXFileReference section */
		9BBE7D7E1911A9A500935AB1 /* TestGitHubApp.app */ = {isa = PBXFileReference; explicitFileType = wrapper.application; includeInIndex = 0; path = TestGitHubApp.app; sourceTree = BUILT_PRODUCTS_DIR; };
		9BBE7D811911A9A500935AB1 /* Foundation.framework */ = {isa = PBXFileReference; lastKnownFileType = wrapper.framework; name = Foundation.framework; path = System/Library/Frameworks/Foundation.framework; sourceTree = SDKROOT; };
		9BBE7D831911A9A500935AB1 /* CoreGraphics.framework */ = {isa = PBXFileReference; lastKnownFileType = wrapper.framework; name = CoreGraphics.framework; path = System/Library/Frameworks/CoreGraphics.framework; sourceTree = SDKROOT; };
		9BBE7D851911A9A500935AB1 /* UIKit.framework */ = {isa = PBXFileReference; lastKnownFileType = wrapper.framework; name = UIKit.framework; path = System/Library/Frameworks/UIKit.framework; sourceTree = SDKROOT; };
		9BBE7D891911A9A500935AB1 /* TestGitHubApp-Info.plist */ = {isa = PBXFileReference; lastKnownFileType = text.plist.xml; path = "TestGitHubApp-Info.plist"; sourceTree = "<group>"; };
		9BBE7D8B1911A9A500935AB1 /* en */ = {isa = PBXFileReference; lastKnownFileType = text.plist.strings; name = en; path = en.lproj/InfoPlist.strings; sourceTree = "<group>"; };
		9BBE7D8D1911A9A500935AB1 /* main.m */ = {isa = PBXFileReference; lastKnownFileType = sourcecode.c.objc; path = main.m; sourceTree = "<group>"; };
		9BBE7D8F1911A9A500935AB1 /* TestGitHubApp-Prefix.pch */ = {isa = PBXFileReference; lastKnownFileType = sourcecode.c.h; path = "TestGitHubApp-Prefix.pch"; sourceTree = "<group>"; };
		9BBE7D901911A9A500935AB1 /* JPAppDelegate.h */ = {isa = PBXFileReference; lastKnownFileType = sourcecode.c.h; path = JPAppDelegate.h; sourceTree = "<group>"; };
		9BBE7D911911A9A500935AB1 /* JPAppDelegate.m */ = {isa = PBXFileReference; lastKnownFileType = sourcecode.c.objc; path = JPAppDelegate.m; sourceTree = "<group>"; };
		9BBE7D941911A9A500935AB1 /* Base */ = {isa = PBXFileReference; lastKnownFileType = file.storyboard; name = Base; path = Base.lproj/Main.storyboard; sourceTree = "<group>"; };
		9BBE7D961911A9A500935AB1 /* JPViewController.h */ = {isa = PBXFileReference; lastKnownFileType = sourcecode.c.h; path = JPViewController.h; sourceTree = "<group>"; };
		9BBE7D971911A9A500935AB1 /* JPViewController.m */ = {isa = PBXFileReference; lastKnownFileType = sourcecode.c.objc; path = JPViewController.m; sourceTree = "<group>"; };
		9BBE7D991911A9A500935AB1 /* Images.xcassets */ = {isa = PBXFileReference; lastKnownFileType = folder.assetcatalog; path = Images.xcassets; sourceTree = "<group>"; };
		9BBE7D9F1911A9A500935AB1 /* TestGitHubAppTests.xctest */ = {isa = PBXFileReference; explicitFileType = wrapper.cfbundle; includeInIndex = 0; path = TestGitHubAppTests.xctest; sourceTree = BUILT_PRODUCTS_DIR; };
		9BBE7DA01911A9A500935AB1 /* XCTest.framework */ = {isa = PBXFileReference; lastKnownFileType = wrapper.framework; name = XCTest.framework; path = Library/Frameworks/XCTest.framework; sourceTree = DEVELOPER_DIR; };
		9BBE7DA81911A9A500935AB1 /* TestGitHubAppTests-Info.plist */ = {isa = PBXFileReference; lastKnownFileType = text.plist.xml; path = "TestGitHubAppTests-Info.plist"; sourceTree = "<group>"; };
		9BBE7DAA1911A9A500935AB1 /* en */ = {isa = PBXFileReference; lastKnownFileType = text.plist.strings; name = en; path = en.lproj/InfoPlist.strings; sourceTree = "<group>"; };
		9BBE7DAC1911A9A500935AB1 /* TestGitHubAppTests.m */ = {isa = PBXFileReference; lastKnownFileType = sourcecode.c.objc; path = TestGitHubAppTests.m; sourceTree = "<group>"; };
/* End PBXFileReference section */

/* Begin PBXFrameworksBuildPhase section */
		9BBE7D7B1911A9A500935AB1 /* Frameworks */ = {
			isa = PBXFrameworksBuildPhase;
			buildActionMask = 2147483647;
			files = (
				9BBE7D841911A9A500935AB1 /* CoreGraphics.framework in Frameworks */,
				9BBE7D861911A9A500935AB1 /* UIKit.framework in Frameworks */,
				9BBE7D821911A9A500935AB1 /* Foundation.framework in Frameworks */,
			);
			runOnlyForDeploymentPostprocessing = 0;
		};
		9BBE7D9C1911A9A500935AB1 /* Frameworks */ = {
			isa = PBXFrameworksBuildPhase;
			buildActionMask = 2147483647;
			files = (
				9BBE7DA11911A9A500935AB1 /* XCTest.framework in Frameworks */,
				9BBE7DA31911A9A500935AB1 /* UIKit.framework in Frameworks */,
				9BBE7DA21911A9A500935AB1 /* Foundation.framework in Frameworks */,
			);
			runOnlyForDeploymentPostprocessing = 0;
		};
/* End PBXFrameworksBuildPhase section */

/* Begin PBXGroup section */
		9BBE7D751911A9A500935AB1 = {
			isa = PBXGroup;
			children = (
				9BBE7D871911A9A500935AB1 /* TestGitHubApp */,
				9BBE7DA61911A9A500935AB1 /* TestGitHubAppTests */,
				9BBE7D801911A9A500935AB1 /* Frameworks */,
				9BBE7D7F1911A9A500935AB1 /* Products */,
			);
			sourceTree = "<group>";
		};
		9BBE7D7F1911A9A500935AB1 /* Products */ = {
			isa = PBXGroup;
			children = (
				9BBE7D7E1911A9A500935AB1 /* TestGitHubApp.app */,
				9BBE7D9F1911A9A500935AB1 /* TestGitHubAppTests.xctest */,
			);
			name = Products;
			sourceTree = "<group>";
		};
		9BBE7D801911A9A500935AB1 /* Frameworks */ = {
			isa = PBXGroup;
			children = (
				9BBE7D811911A9A500935AB1 /* Foundation.framework */,
				9BBE7D831911A9A500935AB1 /* CoreGraphics.framework */,
				9BBE7D851911A9A500935AB1 /* UIKit.framework */,
				9BBE7DA01911A9A500935AB1 /* XCTest.framework */,
			);
			name = Frameworks;
			sourceTree = "<group>";
		};
		9BBE7D871911A9A500935AB1 /* TestGitHubApp */ = {
			isa = PBXGroup;
			children = (
				9BBE7D901911A9A500935AB1 /* JPAppDelegate.h */,
				9BBE7D911911A9A500935AB1 /* JPAppDelegate.m */,
				9BBE7D931911A9A500935AB1 /* Main.storyboard */,
				9BBE7D961911A9A500935AB1 /* JPViewController.h */,
				9BBE7D971911A9A500935AB1 /* JPViewController.m */,
				9BBE7D991911A9A500935AB1 /* Images.xcassets */,
				9BBE7D881911A9A500935AB1 /* Supporting Files */,
			);
			path = TestGitHubApp;
			sourceTree = "<group>";
		};
		9BBE7D881911A9A500935AB1 /* Supporting Files */ = {
			isa = PBXGroup;
			children = (
				9BBE7D891911A9A500935AB1 /* TestGitHubApp-Info.plist */,
				9BBE7D8A1911A9A500935AB1 /* InfoPlist.strings */,
				9BBE7D8D1911A9A500935AB1 /* main.m */,
				9BBE7D8F1911A9A500935AB1 /* TestGitHubApp-Prefix.pch */,
			);
			name = "Supporting Files";
			sourceTree = "<group>";
		};
		9BBE7DA61911A9A500935AB1 /* TestGitHubAppTests */ = {
			isa = PBXGroup;
			children = (
				9BBE7DAC1911A9A500935AB1 /* TestGitHubAppTests.m */,
				9BBE7DA71911A9A500935AB1 /* Supporting Files */,
			);
			path = TestGitHubAppTests;
			sourceTree = "<group>";
		};
		9BBE7DA71911A9A500935AB1 /* Supporting Files */ = {
			isa = PBXGroup;
			children = (
				9BBE7DA81911A9A500935AB1 /* TestGitHubAppTests-Info.plist */,
				9BBE7DA91911A9A500935AB1 /* InfoPlist.strings */,
			);
			name = "Supporting Files";
			sourceTree = "<group>";
		};
/* End PBXGroup section */

/* Begin PBXNativeTarget section */
		9BBE7D7D1911A9A500935AB1 /* TestGitHubApp */ = {
			isa = PBXNativeTarget;
			buildConfigurationList = 9BBE7DB01911A9A500935AB1 /* Build configuration list for PBXNativeTarget "TestGitHubApp" */;
			buildPhases = (
				9BBE7D7A1911A9A500935AB1 /* Sources */,
				9BBE7D7B1911A9A500935AB1 /* Frameworks */,
				9BBE7D7C1911A9A500935AB1 /* Resources */,
			);
			buildRules = (
			);
			dependencies = (
			);
			name = TestGitHubApp;
			productName = TestGitHubApp;
			productReference = 9BBE7D7E1911A9A500935AB1 /* TestGitHubApp.app */;
			productType = "com.apple.product-type.application";
		};
		9BBE7D9E1911A9A500935AB1 /* TestGitHubAppTests */ = {
			isa = PBXNativeTarget;
			buildConfigurationList = 9BBE7DB31911A9A500935AB1 /* Build configuration list for PBXNativeTarget "TestGitHubAppTests" */;
			buildPhases = (
				9BBE7D9B1911A9A500935AB1 /* Sources */,
				9BBE7D9C1911A9A500935AB1 /* Frameworks */,
				9BBE7D9D1911A9A500935AB1 /* Resources */,
			);
			buildRules = (
			);
			dependencies = (
				9BBE7DA51911A9A500935AB1 /* PBXTargetDependency */,
			);
			name = TestGitHubAppTests;
			productName = TestGitHubAppTests;
			productReference = 9BBE7D9F1911A9A500935AB1 /* TestGitHubAppTests.xctest */;
			productType = "com.apple.product-type.bundle.unit-test";
		};
/* End PBXNativeTarget section */

/* Begin PBXProject section */
		9BBE7D761911A9A500935AB1 /* Project object */ = {
			isa = PBXProject;
			attributes = {
				CLASSPREFIX = JP;
				LastUpgradeCheck = 0510;
				ORGANIZATIONNAME = jeffpenn.com;
				TargetAttributes = {
					9BBE7D9E1911A9A500935AB1 = {
						TestTargetID = 9BBE7D7D1911A9A500935AB1;
					};
				};
			};
			buildConfigurationList = 9BBE7D791911A9A500935AB1 /* Build configuration list for PBXProject "TestGitHubApp" */;
			compatibilityVersion = "Xcode 3.2";
			developmentRegion = English;
			hasScannedForEncodings = 0;
			knownRegions = (
				en,
				Base,
			);
			mainGroup = 9BBE7D751911A9A500935AB1;
			productRefGroup = 9BBE7D7F1911A9A500935AB1 /* Products */;
			projectDirPath = "";
			projectRoot = "";
			targets = (
				9BBE7D7D1911A9A500935AB1 /* TestGitHubApp */,
				9BBE7D9E1911A9A500935AB1 /* TestGitHubAppTests */,
			);
		};
/* End PBXProject section */

/* Begin PBXResourcesBuildPhase section */
		9BBE7D7C1911A9A500935AB1 /* Resources */ = {
			isa = PBXResourcesBuildPhase;
			buildActionMask = 2147483647;
			files = (
				9BBE7D9A1911A9A500935AB1 /* Images.xcassets in Resources */,
				9BBE7D8C1911A9A500935AB1 /* InfoPlist.strings in Resources */,
				9BBE7D951911A9A500935AB1 /* Main.storyboard in Resources */,
			);
			runOnlyForDeploymentPostprocessing = 0;
		};
		9BBE7D9D1911A9A500935AB1 /* Resources */ = {
			isa = PBXResourcesBuildPhase;
			buildActionMask = 2147483647;
			files = (
				9BBE7DAB1911A9A500935AB1 /* InfoPlist.strings in Resources */,
			);
			runOnlyForDeploymentPostprocessing = 0;
		};
/* End PBXResourcesBuildPhase section */

/* Begin PBXSourcesBuildPhase section */
		9BBE7D7A1911A9A500935AB1 /* Sources */ = {
			isa = PBXSourcesBuildPhase;
			buildActionMask = 2147483647;
			files = (
				9BBE7D921911A9A500935AB1 /* JPAppDelegate.m in Sources */,
				9BBE7D981911A9A500935AB1 /* JPViewController.m in Sources */,
				9BBE7D8E1911A9A500935AB1 /* main.m in Sources */,
			);
			runOnlyForDeploymentPostprocessing = 0;
		};
		9BBE7D9B1911A9A500935AB1 /* Sources */ = {
			isa = PBXSourcesBuildPhase;
			buildActionMask = 2147483647;
			files = (
				9BBE7DAD1911A9A500935AB1 /* TestGitHubAppTests.m in Sources */,
			);
			runOnlyForDeploymentPostprocessing = 0;
		};
/* End PBXSourcesBuildPhase section */

/* Begin PBXTargetDependency section */
		9BBE7DA51911A9A500935AB1 /* PBXTargetDependency */ = {
			isa = PBXTargetDependency;
			target = 9BBE7D7D1911A9A500935AB1 /* TestGitHubApp */;
			targetProxy = 9BBE7DA41911A9A500935AB1 /* PBXContainerItemProxy */;
		};
/* End PBXTargetDependency section */

/* Begin PBXVariantGroup section */
		9BBE7D8A1911A9A500935AB1 /* InfoPlist.strings */ = {
			isa = PBXVariantGroup;
			children = (
				9BBE7D8B1911A9A500935AB1 /* en */,
			);
			name = InfoPlist.strings;
			sourceTree = "<group>";
		};
		9BBE7D931911A9A500935AB1 /* Main.storyboard */ = {
			isa = PBXVariantGroup;
			children = (
				9BBE7D941911A9A500935AB1 /* Base */,
			);
			name = Main.storyboard;
			sourceTree = "<group>";
		};
		9BBE7DA91911A9A500935AB1 /* InfoPlist.strings */ = {
			isa = PBXVariantGroup;
			children = (
				9BBE7DAA1911A9A500935AB1 /* en */,
			);
			name = InfoPlist.strings;
			sourceTree = "<group>";
		};
/* End PBXVariantGroup section */

/* Begin XCBuildConfiguration section */
		9BBE7DAE1911A9A500935AB1 /* Debug */ = {
			isa = XCBuildConfiguration;
			buildSettings = {
				ALWAYS_SEARCH_USER_PATHS = NO;
				CLANG_CXX_LANGUAGE_STANDARD = "gnu++0x";
				CLANG_CXX_LIBRARY = "libc++";
				CLANG_ENABLE_MODULES = YES;
				CLANG_ENABLE_OBJC_ARC = YES;
				CLANG_WARN_BOOL_CONVERSION = YES;
				CLANG_WARN_CONSTANT_CONVERSION = YES;
				CLANG_WARN_DIRECT_OBJC_ISA_USAGE = YES_ERROR;
				CLANG_WARN_EMPTY_BODY = YES;
				CLANG_WARN_ENUM_CONVERSION = YES;
				CLANG_WARN_INT_CONVERSION = YES;
				CLANG_WARN_OBJC_ROOT_CLASS = YES_ERROR;
				CLANG_WARN__DUPLICATE_METHOD_MATCH = YES;
				"CODE_SIGN_IDENTITY[sdk=iphoneos*]" = "iPhone Developer";
				COPY_PHASE_STRIP = NO;
				GCC_C_LANGUAGE_STANDARD = gnu99;
				GCC_DYNAMIC_NO_PIC = NO;
				GCC_OPTIMIZATION_LEVEL = 0;
				GCC_PREPROCESSOR_DEFINITIONS = (
					"DEBUG=1",
					"$(inherited)",
				);
				GCC_SYMBOLS_PRIVATE_EXTERN = NO;
				GCC_WARN_64_TO_32_BIT_CONVERSION = YES;
				GCC_WARN_ABOUT_RETURN_TYPE = YES_ERROR;
				GCC_WARN_UNDECLARED_SELECTOR = YES;
				GCC_WARN_UNINITIALIZED_AUTOS = YES_AGGRESSIVE;
				GCC_WARN_UNUSED_FUNCTION = YES;
				GCC_WARN_UNUSED_VARIABLE = YES;
				IPHONEOS_DEPLOYMENT_TARGET = 7.1;
				ONLY_ACTIVE_ARCH = YES;
				SDKROOT = iphoneos;
			};
			name = Debug;
		};
		9BBE7DAF1911A9A500935AB1 /* Release */ = {
			isa = XCBuildConfiguration;
			buildSettings = {
				ALWAYS_SEARCH_USER_PATHS = NO;
				CLANG_CXX_LANGUAGE_STANDARD = "gnu++0x";
				CLANG_CXX_LIBRARY = "libc++";
				CLANG_ENABLE_MODULES = YES;
				CLANG_ENABLE_OBJC_ARC = YES;
				CLANG_WARN_BOOL_CONVERSION = YES;
				CLANG_WARN_CONSTANT_CONVERSION = YES;
				CLANG_WARN_DIRECT_OBJC_ISA_USAGE = YES_ERROR;
				CLANG_WARN_EMPTY_BODY = YES;
				CLANG_WARN_ENUM_CONVERSION = YES;
				CLANG_WARN_INT_CONVERSION = YES;
				CLANG_WARN_OBJC_ROOT_CLASS = YES_ERROR;
				CLANG_WARN__DUPLICATE_METHOD_MATCH = YES;
				"CODE_SIGN_IDENTITY[sdk=iphoneos*]" = "iPhone Developer";
				COPY_PHASE_STRIP = YES;
				ENABLE_NS_ASSERTIONS = NO;
				GCC_C_LANGUAGE_STANDARD = gnu99;
				GCC_WARN_64_TO_32_BIT_CONVERSION = YES;
				GCC_WARN_ABOUT_RETURN_TYPE = YES_ERROR;
				GCC_WARN_UNDECLARED_SELECTOR = YES;
				GCC_WARN_UNINITIALIZED_AUTOS = YES_AGGRESSIVE;
				GCC_WARN_UNUSED_FUNCTION = YES;
				GCC_WARN_UNUSED_VARIABLE = YES;
				IPHONEOS_DEPLOYMENT_TARGET = 7.1;
				SDKROOT = iphoneos;
				VALIDATE_PRODUCT = YES;
			};
			name = Release;
		};
		9BBE7DB11911A9A500935AB1 /* Debug */ = {
			isa = XCBuildConfiguration;
			buildSettings = {
				ASSETCATALOG_COMPILER_APPICON_NAME = AppIcon;
				ASSETCATALOG_COMPILER_LAUNCHIMAGE_NAME = LaunchImage;
				GCC_PRECOMPILE_PREFIX_HEADER = YES;
				GCC_PREFIX_HEADER = "TestGitHubApp/TestGitHubApp-Prefix.pch";
				INFOPLIST_FILE = "TestGitHubApp/TestGitHubApp-Info.plist";
				PRODUCT_NAME = "$(TARGET_NAME)";
				WRAPPER_EXTENSION = app;
			};
			name = Debug;
		};
		9BBE7DB21911A9A500935AB1 /* Release */ = {
			isa = XCBuildConfiguration;
			buildSettings = {
				ASSETCATALOG_COMPILER_APPICON_NAME = AppIcon;
				ASSETCATALOG_COMPILER_LAUNCHIMAGE_NAME = LaunchImage;
				GCC_PRECOMPILE_PREFIX_HEADER = YES;
				GCC_PREFIX_HEADER = "TestGitHubApp/TestGitHubApp-Prefix.pch";
				INFOPLIST_FILE = "TestGitHubApp/TestGitHubApp-Info.plist";
				PRODUCT_NAME = "$(TARGET_NAME)";
				WRAPPER_EXTENSION = app;
			};
			name = Release;
		};
		9BBE7DB41911A9A500935AB1 /* Debug */ = {
			isa = XCBuildConfiguration;
			buildSettings = {
				BUNDLE_LOADER = "$(BUILT_PRODUCTS_DIR)/TestGitHubApp.app/TestGitHubApp";
				FRAMEWORK_SEARCH_PATHS = (
					"$(SDKROOT)/Developer/Library/Frameworks",
					"$(inherited)",
					"$(DEVELOPER_FRAMEWORKS_DIR)",
				);
				GCC_PRECOMPILE_PREFIX_HEADER = YES;
				GCC_PREFIX_HEADER = "TestGitHubApp/TestGitHubApp-Prefix.pch";
				GCC_PREPROCESSOR_DEFINITIONS = (
					"DEBUG=1",
					"$(inherited)",
				);
				INFOPLIST_FILE = "TestGitHubAppTests/TestGitHubAppTests-Info.plist";
				PRODUCT_NAME = "$(TARGET_NAME)";
				TEST_HOST = "$(BUNDLE_LOADER)";
				WRAPPER_EXTENSION = xctest;
			};
			name = Debug;
		};
		9BBE7DB51911A9A500935AB1 /* Release */ = {
			isa = XCBuildConfiguration;
			buildSettings = {
				BUNDLE_LOADER = "$(BUILT_PRODUCTS_DIR)/TestGitHubApp.app/TestGitHubApp";
				FRAMEWORK_SEARCH_PATHS = (
					"$(SDKROOT)/Developer/Library/Frameworks",
					"$(inherited)",
					"$(DEVELOPER_FRAMEWORKS_DIR)",
				);
				GCC_PRECOMPILE_PREFIX_HEADER = YES;
				GCC_PREFIX_HEADER = "TestGitHubApp/TestGitHubApp-Prefix.pch";
				INFOPLIST_FILE = "TestGitHubAppTests/TestGitHubAppTests-Info.plist";
				PRODUCT_NAME = "$(TARGET_NAME)";
				TEST_HOST = "$(BUNDLE_LOADER)";
				WRAPPER_EXTENSION = xctest;
			};
			name = Release;
		};
/* End XCBuildConfiguration section */

/* Begin XCConfigurationList section */
		9BBE7D791911A9A500935AB1 /* Build configuration list for PBXProject "TestGitHubApp" */ = {
			isa = XCConfigurationList;
			buildConfigurations = (
				9BBE7DAE1911A9A500935AB1 /* Debug */,
				9BBE7DAF1911A9A500935AB1 /* Release */,
			);
			defaultConfigurationIsVisible = 0;
			defaultConfigurationName = Release;
		};
		9BBE7DB01911A9A500935AB1 /* Build configuration list for PBXNativeTarget "TestGitHubApp" */ = {
			isa = XCConfigurationList;
			buildConfigurations = (
				9BBE7DB11911A9A500935AB1 /* Debug */,
				9BBE7DB21911A9A500935AB1 /* Release */,
			);
			defaultConfigurationIsVisible = 0;
		};
		9BBE7DB31911A9A500935AB1 /* Build configuration list for PBXNativeTarget "TestGitHubAppTests" */ = {
			isa = XCConfigurationList;
			buildConfigurations = (
				9BBE7DB41911A9A500935AB1 /* Debug */,
				9BBE7DB51911A9A500935AB1 /* Release */,
			);
			defaultConfigurationIsVisible = 0;
		};
/* End XCConfigurationList section */
	};
	rootObject = 9BBE7D761911A9A500935AB1 /* Project object */;
}
